
Microsoft Visual Studio Solution File, Format Version 12.00
# Visual Studio Version 17
VisualStudioVersion = 17.8.34330.188
MinimumVisualStudioVersion = 10.0.40219.1
Project("{9A19103F-16F7-4668-BE54-9A1E7A4F7556}") = "TgLab.API", "TgLab.API\TgLab.API.csproj", "{55A029C4-AF0D-4F32-BFFC-2580530CE6D1}"
EndProject
Project("{9A19103F-16F7-4668-BE54-9A1E7A4F7556}") = "TgLab.Infrastructure", "TgLab.Infrastructure\TgLab.Infrastructure.csproj", "{AAC9592D-D619-4963-83D8-1A4DD3D288A8}"
EndProject
Project("{9A19103F-16F7-4668-BE54-9A1E7A4F7556}") = "TgLab.Domain", "TgLab.Domain\TgLab.Domain.csproj", "{0B6E3B70-0227-4310-8CE9-FAFD1CA13151}"
EndProject
Project("{9A19103F-16F7-4668-BE54-9A1E7A4F7556}") = "TgLab.Tests", "TgLab.Test.Tests\TgLab.Tests.csproj", "{029B7DE9-7CA8-4F78-A05D-2CDC80D64C9E}"
EndProject
Project("{9A19103F-16F7-4668-BE54-9A1E7A4F7556}") = "TgLab.Application", "TgLab.Application\TgLab.Application.csproj", "{3629E070-22F7-48F8-9FE3-1C058034C559}"
EndProject
Global
	GlobalSection(SolutionConfigurationPlatforms) = preSolution
		Debug|Any CPU = Debug|Any CPU
		Release|Any CPU = Release|Any CPU
	EndGlobalSection
	GlobalSection(ProjectConfigurationPlatforms) = postSolution
		{55A029C4-AF0D-4F32-BFFC-2580530CE6D1}.Debug|Any CPU.ActiveCfg = Debug|Any CPU
		{55A029C4-AF0D-4F32-BFFC-2580530CE6D1}.Debug|Any CPU.Build.0 = Debug|Any CPU
		{55A029C4-AF0D-4F32-BFFC-2580530CE6D1}.Release|Any CPU.ActiveCfg = Release|Any CPU
		{55A029C4-AF0D-4F32-BFFC-2580530CE6D1}.Release|Any CPU.Build.0 = Release|Any CPU
		{AAC9592D-D619-4963-83D8-1A4DD3D288A8}.Debug|Any CPU.ActiveCfg = Debug|Any CPU
		{AAC9592D-D619-4963-83D8-1A4DD3D288A8}.Debug|Any CPU.Build.0 = Debug|Any CPU
		{AAC9592D-D619-4963-83D8-1A4DD3D288A8}.Release|Any CPU.ActiveCfg = Release|Any CPU
		{AAC9592D-D619-4963-83D8-1A4DD3D288A8}.Release|Any CPU.Build.0 = Release|Any CPU
		{0B6E3B70-0227-4310-8CE9-FAFD1CA13151}.Debug|Any CPU.ActiveCfg = Debug|Any CPU
		{0B6E3B70-0227-4310-8CE9-FAFD1CA13151}.Debug|Any CPU.Build.0 = Debug|Any CPU
		{0B6E3B70-0227-4310-8CE9-FAFD1CA13151}.Release|Any CPU.ActiveCfg = Release|Any CPU
		{0B6E3B70-0227-4310-8CE9-FAFD1CA13151}.Release|Any CPU.Build.0 = Release|Any CPU
		{029B7DE9-7CA8-4F78-A05D-2CDC80D64C9E}.Debug|Any CPU.ActiveCfg = Debug|Any CPU
		{029B7DE9-7CA8-4F78-A05D-2CDC80D64C9E}.Debug|Any CPU.Build.0 = Debug|Any CPU
		{029B7DE9-7CA8-4F78-A05D-2CDC80D64C9E}.Release|Any CPU.ActiveCfg = Release|Any CPU
		{029B7DE9-7CA8-4F78-A05D-2CDC80D64C9E}.Release|Any CPU.Build.0 = Release|Any CPU
		{3629E070-22F7-48F8-9FE3-1C058034C559}.Debug|Any CPU.ActiveCfg = Debug|Any CPU
		{3629E070-22F7-48F8-9FE3-1C058034C559}.Debug|Any CPU.Build.0 = Debug|Any CPU
		{3629E070-22F7-48F8-9FE3-1C058034C559}.Release|Any CPU.ActiveCfg = Release|Any CPU
		{3629E070-22F7-48F8-9FE3-1C058034C559}.Release|Any CPU.Build.0 = Release|Any CPU
	EndGlobalSection
	GlobalSection(SolutionProperties) = preSolution
		HideSolutionNode = FALSE
	EndGlobalSection
	GlobalSection(ExtensibilityGlobals) = postSolution
		SolutionGuid = {95BF87FC-2F04-407A-8D4B-1607259FE151}
	EndGlobalSection
EndGlobal
